{
  "version": 4,
  "terraform_version": "1.14.8",
  "serial": 3,
  "lineage": "4f403e9e-6218-92f1-0270-432793d3c9f0",
  "outputs": {},
  "resources": [
    {
      "mode": "managed",
      "type": "azurerm_resource_group",
      "name": "example",
      "provider": "provider[\"registry.terraform.io/hashicorp/azurerm\"]",
      "instances": [
        {
          "schema_version": 0,
          "attributes": {
            "id": "/subscriptions/11111111-1111-1111-1111-111111111111/resourceGroups/tinycloud-rg",
            "location": "westus2",
            "managed_by": "",
            "name": "tinycloud-rg",
            "tags": {
              "environment": "local",
              "managed_by": "tinycloud"
            },
            "timeouts": null
          },
          "sensitive_attributes": [],
          "identity_schema_version": 0,
          "identity": {
            "name": "tinycloud-rg",
            "subscription_id": "11111111-1111-1111-1111-111111111111"
          },
          "private": "eyJlMmJmYjczMC1lY2FhLTExZTYtOGY4OC0zNDM2M2JjN2M0YzAiOnsiY3JlYXRlIjo1NDAwMDAwMDAwMDAwLCJkZWxldGUiOjU0MDAwMDAwMDAwMDAsInJlYWQiOjMwMDAwMDAwMDAwMCwidXBkYXRlIjo1NDAwMDAwMDAwMDAwfX0="
        }
      ]
    }
  ],
  "check_results": null
}
